
Microsoft Visual Studio Solution File, Format Version 12.00
# Visual Studio Version 17
VisualStudioVersion = 17.3.32825.248
MinimumVisualStudioVersion = 10.0.40219.1
Project("{FAE04EC0-301F-11D3-BF4B-00C04F79EFBC}") = "ConsoleApp71", "ConsoleApp71.csproj", "{C5838A15-7168-4D6E-B0EE-9D3D33358FA6}"
EndProject
Global
	GlobalSection(SolutionConfigurationPlatforms) = preSolution
		Debug|Any CPU = Debug|Any CPU
		Release|Any CPU = Release|Any CPU
	EndGlobalSection
	GlobalSection(ProjectConfigurationPlatforms) = postSolution
		{C5838A15-7168-4D6E-B0EE-9D3D33358FA6}.Debug|Any CPU.ActiveCfg = Debug|Any CPU
		{C5838A15-7168-4D6E-B0EE-9D3D33358FA6}.Debug|Any CPU.Build.0 = Debug|Any CPU
		{C5838A15-7168-4D6E-B0EE-9D3D33358FA6}.Release|Any CPU.ActiveCfg = Release|Any CPU
		{C5838A15-7168-4D6E-B0EE-9D3D33358FA6}.Release|Any CPU.Build.0 = Release|Any CPU
	EndGlobalSection
	GlobalSection(SolutionProperties) = preSolution
		HideSolutionNode = FALSE
	EndGlobalSection
	GlobalSection(ExtensibilityGlobals) = postSolution
		SolutionGuid = {C965A430-8736-4ED7-9180-B79E0A92B11B}
	EndGlobalSection
EndGlobal
